
Microsoft Visual Studio Solution File, Format Version 12.00
# Visual Studio Version 17
VisualStudioVersion = 17.7.34221.43
MinimumVisualStudioVersion = 10.0.40219.1
Project("{2150E333-8FDC-42A3-9474-1A3956D46DE8}") = "Data", "Data", "{C5A1840D-CDA0-402B-B472-C71C66017E45}"
EndProject
Project("{9A19103F-16F7-4668-BE54-9A1E7A4F7556}") = "Data", "Data\Data.csproj", "{0B277981-DB6E-4F8F-AFC0-B97E58489D87}"
EndProject
Project("{2150E333-8FDC-42A3-9474-1A3956D46DE8}") = "Entity", "Entity", "{997BD3A7-033D-4E56-959B-3448AE2381C3}"
EndProject
Project("{9A19103F-16F7-4668-BE54-9A1E7A4F7556}") = "Entity", "Entity\Entity.csproj", "{71B3F6BD-CC59-430F-A0E2-34716E2A8136}"
EndProject
Project("{2150E333-8FDC-42A3-9474-1A3956D46DE8}") = "Controller", "Controller", "{1FF5297A-A2A8-4EF4-8FD2-A0A866666151}"
EndProject
Project("{9A19103F-16F7-4668-BE54-9A1E7A4F7556}") = "Controller", "Controller\Controller.csproj", "{E7418D2C-90B0-4F19-B66D-D70D5BD52713}"
EndProject
Project("{2150E333-8FDC-42A3-9474-1A3956D46DE8}") = "Services", "Services", "{0C175B18-6B89-4B58-B3A9-D402B776C9CE}"
EndProject
Project("{9A19103F-16F7-4668-BE54-9A1E7A4F7556}") = "Services", "Services\Services.csproj", "{FF639ECB-2E1A-439D-9003-692C342506CC}"
EndProject
Global
	GlobalSection(SolutionConfigurationPlatforms) = preSolution
		Debug|Any CPU = Debug|Any CPU
		Release|Any CPU = Release|Any CPU
	EndGlobalSection
	GlobalSection(ProjectConfigurationPlatforms) = postSolution
		{0B277981-DB6E-4F8F-AFC0-B97E58489D87}.Debug|Any CPU.ActiveCfg = Debug|Any CPU
		{0B277981-DB6E-4F8F-AFC0-B97E58489D87}.Debug|Any CPU.Build.0 = Debug|Any CPU
		{0B277981-DB6E-4F8F-AFC0-B97E58489D87}.Release|Any CPU.ActiveCfg = Release|Any CPU
		{0B277981-DB6E-4F8F-AFC0-B97E58489D87}.Release|Any CPU.Build.0 = Release|Any CPU
		{71B3F6BD-CC59-430F-A0E2-34716E2A8136}.Debug|Any CPU.ActiveCfg = Debug|Any CPU
		{71B3F6BD-CC59-430F-A0E2-34716E2A8136}.Debug|Any CPU.Build.0 = Debug|Any CPU
		{71B3F6BD-CC59-430F-A0E2-34716E2A8136}.Release|Any CPU.ActiveCfg = Release|Any CPU
		{71B3F6BD-CC59-430F-A0E2-34716E2A8136}.Release|Any CPU.Build.0 = Release|Any CPU
		{E7418D2C-90B0-4F19-B66D-D70D5BD52713}.Debug|Any CPU.ActiveCfg = Debug|Any CPU
		{E7418D2C-90B0-4F19-B66D-D70D5BD52713}.Debug|Any CPU.Build.0 = Debug|Any CPU
		{E7418D2C-90B0-4F19-B66D-D70D5BD52713}.Release|Any CPU.ActiveCfg = Release|Any CPU
		{E7418D2C-90B0-4F19-B66D-D70D5BD52713}.Release|Any CPU.Build.0 = Release|Any CPU
		{FF639ECB-2E1A-439D-9003-692C342506CC}.Debug|Any CPU.ActiveCfg = Debug|Any CPU
		{FF639ECB-2E1A-439D-9003-692C342506CC}.Debug|Any CPU.Build.0 = Debug|Any CPU
		{FF639ECB-2E1A-439D-9003-692C342506CC}.Release|Any CPU.ActiveCfg = Release|Any CPU
		{FF639ECB-2E1A-439D-9003-692C342506CC}.Release|Any CPU.Build.0 = Release|Any CPU
	EndGlobalSection
	GlobalSection(SolutionProperties) = preSolution
		HideSolutionNode = FALSE
	EndGlobalSection
	GlobalSection(NestedProjects) = preSolution
		{0B277981-DB6E-4F8F-AFC0-B97E58489D87} = {C5A1840D-CDA0-402B-B472-C71C66017E45}
		{71B3F6BD-CC59-430F-A0E2-34716E2A8136} = {997BD3A7-033D-4E56-959B-3448AE2381C3}
		{E7418D2C-90B0-4F19-B66D-D70D5BD52713} = {1FF5297A-A2A8-4EF4-8FD2-A0A866666151}
		{FF639ECB-2E1A-439D-9003-692C342506CC} = {0C175B18-6B89-4B58-B3A9-D402B776C9CE}
	EndGlobalSection
	GlobalSection(ExtensibilityGlobals) = postSolution
		SolutionGuid = {1300C1D2-5D13-4645-B81A-CFE9DA7443AB}
	EndGlobalSection
EndGlobal
